
Microsoft Visual Studio Solution File, Format Version 12.00
# Visual Studio Version 16
VisualStudioVersion = 16.0.30804.86
MinimumVisualStudioVersion = 10.0.40219.1
Project("{FAE04EC0-301F-11D3-BF4B-00C04F79EFBC}") = "API", "API.csproj", "{51B52F5D-9BF5-441E-9860-3F7CE547541E}"
EndProject
Global
	GlobalSection(SolutionConfigurationPlatforms) = preSolution
		Debug|Any CPU = Debug|Any CPU
		Release|Any CPU = Release|Any CPU
	EndGlobalSection
	GlobalSection(ProjectConfigurationPlatforms) = postSolution
		{51B52F5D-9BF5-441E-9860-3F7CE547541E}.Debug|Any CPU.ActiveCfg = Debug|Any CPU
		{51B52F5D-9BF5-441E-9860-3F7CE547541E}.Debug|Any CPU.Build.0 = Debug|Any CPU
		{51B52F5D-9BF5-441E-9860-3F7CE547541E}.Release|Any CPU.ActiveCfg = Release|Any CPU
		{51B52F5D-9BF5-441E-9860-3F7CE547541E}.Release|Any CPU.Build.0 = Release|Any CPU
	EndGlobalSection
	GlobalSection(SolutionProperties) = preSolution
		HideSolutionNode = FALSE
	EndGlobalSection
	GlobalSection(ExtensibilityGlobals) = postSolution
		SolutionGuid = {6293FA30-3788-4234-AD09-B09926131126}
	EndGlobalSection
EndGlobal
